// !$*UTF8*$!
{
	archiveVersion = 1;
	classes = {
	};
	objectVersion = 56;
	objects = {

/* Begin PBXBuildFile section */
		96CBD969290249A600DB7F3C /* AppDelegate.swift in Sources */ = {isa = PBXBuildFile; fileRef = 96CBD968290249A600DB7F3C /* AppDelegate.swift */; };
		96CBD96B290249A600DB7F3C /* SceneDelegate.swift in Sources */ = {isa = PBXBuildFile; fileRef = 96CBD96A290249A600DB7F3C /* SceneDelegate.swift */; };
		96CBD96D290249A600DB7F3C /* ViewController.swift in Sources */ = {isa = PBXBuildFile; fileRef = 96CBD96C290249A600DB7F3C /* ViewController.swift */; };
		96CBD970290249A600DB7F3C /* Main.storyboard in Resources */ = {isa = PBXBuildFile; fileRef = 96CBD96E290249A600DB7F3C /* Main.storyboard */; };
		96CBD972290249AB00DB7F3C /* Assets.xcassets in Resources */ = {isa = PBXBuildFile; fileRef = 96CBD971290249AB00DB7F3C /* Assets.xcassets */; };
		96CBD975290249AB00DB7F3C /* LaunchScreen.storyboard in Resources */ = {isa = PBXBuildFile; fileRef = 96CBD973290249AB00DB7F3C /* LaunchScreen.storyboard */; };
		96CBD980290249AB00DB7F3C /* VideoPlayerTests.swift in Sources */ = {isa = PBXBuildFile; fileRef = 96CBD97F290249AB00DB7F3C /* VideoPlayerTests.swift */; };
		96CBD98A290249AB00DB7F3C /* VideoPlayerUITests.swift in Sources */ = {isa = PBXBuildFile; fileRef = 96CBD989290249AB00DB7F3C /* VideoPlayerUITests.swift */; };
		96CBD98C290249AB00DB7F3C /* VideoPlayerUITestsLaunchTests.swift in Sources */ = {isa = PBXBuildFile; fileRef = 96CBD98B290249AB00DB7F3C /* VideoPlayerUITestsLaunchTests.swift */; };
		96CBD99B2902519000DB7F3C /* VideoPlayerView.swift in Sources */ = {isa = PBXBuildFile; fileRef = 96CBD99A2902519000DB7F3C /* VideoPlayerView.swift */; };
/* End PBXBuildFile section */

/* Begin PBXContainerItemProxy section */
		96CBD97C290249AB00DB7F3C /* PBXContainerItemProxy */ = {
			isa = PBXContainerItemProxy;
			containerPortal = 96CBD95D290249A600DB7F3C /* Project object */;
			proxyType = 1;
			remoteGlobalIDString = 96CBD964290249A600DB7F3C;
			remoteInfo = VideoPlayer;
		};
		96CBD986290249AB00DB7F3C /* PBXContainerItemProxy */ = {
			isa = PBXContainerItemProxy;
			containerPortal = 96CBD95D290249A600DB7F3C /* Project object */;
			proxyType = 1;
			remoteGlobalIDString = 96CBD964290249A600DB7F3C;
			remoteInfo = VideoPlayer;
		};
/* End PBXContainerItemProxy section */

/* Begin PBXFileReference section */
		96CBD965290249A600DB7F3C /* VideoPlayer.app */ = {isa = PBXFileReference; explicitFileType = wrapper.application; includeInIndex = 0; path = VideoPlayer.app; sourceTree = BUILT_PRODUCTS_DIR; };
		96CBD968290249A600DB7F3C /* AppDelegate.swift */ = {isa = PBXFileReference; lastKnownFileType = sourcecode.swift; path = AppDelegate.swift; sourceTree = "<group>"; };
		96CBD96A290249A600DB7F3C /* SceneDelegate.swift */ = {isa = PBXFileReference; lastKnownFileType = sourcecode.swift; path = SceneDelegate.swift; sourceTree = "<group>"; };
		96CBD96C290249A600DB7F3C /* ViewController.swift */ = {isa = PBXFileReference; lastKnownFileType = sourcecode.swift; path = ViewController.swift; sourceTree = "<group>"; };
		96CBD96F290249A600DB7F3C /* Base */ = {isa = PBXFileReference; lastKnownFileType = file.storyboard; name = Base; path = Base.lproj/Main.storyboard; sourceTree = "<group>"; };
		96CBD971290249AB00DB7F3C /* Assets.xcassets */ = {isa = PBXFileReference; lastKnownFileType = folder.assetcatalog; path = Assets.xcassets; sourceTree = "<group>"; };
		96CBD974290249AB00DB7F3C /* Base */ = {isa = PBXFileReference; lastKnownFileType = file.storyboard; name = Base; path = Base.lproj/LaunchScreen.storyboard; sourceTree = "<group>"; };
		96CBD976290249AB00DB7F3C /* Info.plist */ = {isa = PBXFileReference; lastKnownFileType = text.plist.xml; path = Info.plist; sourceTree = "<group>"; };
		96CBD97B290249AB00DB7F3C /* VideoPlayerTests.xctest */ = {isa = PBXFileReference; explicitFileType = wrapper.cfbundle; includeInIndex = 0; path = VideoPlayerTests.xctest; sourceTree = BUILT_PRODUCTS_DIR; };
		96CBD97F290249AB00DB7F3C /* VideoPlayerTests.swift */ = {isa = PBXFileReference; lastKnownFileType = sourcecode.swift; path = VideoPlayerTests.swift; sourceTree = "<group>"; };
		96CBD985290249AB00DB7F3C /* VideoPlayerUITests.xctest */ = {isa = PBXFileReference; explicitFileType = wrapper.cfbundle; includeInIndex = 0; path = VideoPlayerUITests.xctest; sourceTree = BUILT_PRODUCTS_DIR; };
		96CBD989290249AB00DB7F3C /* VideoPlayerUITests.swift */ = {isa = PBXFileReference; lastKnownFileType = sourcecode.swift; path = VideoPlayerUITests.swift; sourceTree = "<group>"; };
		96CBD98B290249AB00DB7F3C /* VideoPlayerUITestsLaunchTests.swift */ = {isa = PBXFileReference; lastKnownFileType = sourcecode.swift; path = VideoPlayerUITestsLaunchTests.swift; sourceTree = "<group>"; };
		96CBD99A2902519000DB7F3C /* VideoPlayerView.swift */ = {isa = PBXFileReference; lastKnownFileType = sourcecode.swift; path = VideoPlayerView.swift; sourceTree = "<group>"; };
/* End PBXFileReference section */

/* Begin PBXFrameworksBuildPhase section */
		96CBD962290249A600DB7F3C /* Frameworks */ = {
			isa = PBXFrameworksBuildPhase;
			buildActionMask = 2147483647;
			files = (
			);
			runOnlyForDeploymentPostprocessing = 0;
		};
		96CBD978290249AB00DB7F3C /* Frameworks */ = {
			isa = PBXFrameworksBuildPhase;
			buildActionMask = 2147483647;
			files = (
			);
			runOnlyForDeploymentPostprocessing = 0;
		};
		96CBD982290249AB00DB7F3C /* Frameworks */ = {
			isa = PBXFrameworksBuildPhase;
			buildActionMask = 2147483647;
			files = (
			);
			runOnlyForDeploymentPostprocessing = 0;
		};
/* End PBXFrameworksBuildPhase section */

/* Begin PBXGroup section */
		96CBD95C290249A600DB7F3C = {
			isa = PBXGroup;
			children = (
				96CBD967290249A600DB7F3C /* VideoPlayer */,
				96CBD97E290249AB00DB7F3C /* VideoPlayerTests */,
				96CBD988290249AB00DB7F3C /* VideoPlayerUITests */,
				96CBD966290249A600DB7F3C /* Products */,
			);
			sourceTree = "<group>";
		};
		96CBD966290249A600DB7F3C /* Products */ = {
			isa = PBXGroup;
			children = (
				96CBD965290249A600DB7F3C /* VideoPlayer.app */,
				96CBD97B290249AB00DB7F3C /* VideoPlayerTests.xctest */,
				96CBD985290249AB00DB7F3C /* VideoPlayerUITests.xctest */,
			);
			name = Products;
			sourceTree = "<group>";
		};
		96CBD967290249A600DB7F3C /* VideoPlayer */ = {
			isa = PBXGroup;
			children = (
				96CBD999290249E500DB7F3C /* App */,
				96CBD998290249D700DB7F3C /* Sources */,
				96CBD96E290249A600DB7F3C /* Main.storyboard */,
				96CBD971290249AB00DB7F3C /* Assets.xcassets */,
				96CBD973290249AB00DB7F3C /* LaunchScreen.storyboard */,
				96CBD976290249AB00DB7F3C /* Info.plist */,
			);
			path = VideoPlayer;
			sourceTree = "<group>";
		};
		96CBD97E290249AB00DB7F3C /* VideoPlayerTests */ = {
			isa = PBXGroup;
			children = (
				96CBD97F290249AB00DB7F3C /* VideoPlayerTests.swift */,
			);
			path = VideoPlayerTests;
			sourceTree = "<group>";
		};
		96CBD988290249AB00DB7F3C /* VideoPlayerUITests */ = {
			isa = PBXGroup;
			children = (
				96CBD989290249AB00DB7F3C /* VideoPlayerUITests.swift */,
				96CBD98B290249AB00DB7F3C /* VideoPlayerUITestsLaunchTests.swift */,
			);
			path = VideoPlayerUITests;
			sourceTree = "<group>";
		};
		96CBD998290249D700DB7F3C /* Sources */ = {
			isa = PBXGroup;
			children = (
				96CBD96C290249A600DB7F3C /* ViewController.swift */,
				96CBD99A2902519000DB7F3C /* VideoPlayerView.swift */,
			);
			path = Sources;
			sourceTree = "<group>";
		};
		96CBD999290249E500DB7F3C /* App */ = {
			isa = PBXGroup;
			children = (
				96CBD968290249A600DB7F3C /* AppDelegate.swift */,
				96CBD96A290249A600DB7F3C /* SceneDelegate.swift */,
			);
			path = App;
			sourceTree = "<group>";
		};
/* End PBXGroup section */

/* Begin PBXNativeTarget section */
		96CBD964290249A600DB7F3C /* VideoPlayer */ = {
			isa = PBXNativeTarget;
			buildConfigurationList = 96CBD98F290249AB00DB7F3C /* Build configuration list for PBXNativeTarget "VideoPlayer" */;
			buildPhases = (
				96CBD961290249A600DB7F3C /* Sources */,
				96CBD962290249A600DB7F3C /* Frameworks */,
				96CBD963290249A600DB7F3C /* Resources */,
			);
			buildRules = (
			);
			dependencies = (
			);
			name = VideoPlayer;
			productName = VideoPlayer;
			productReference = 96CBD965290249A600DB7F3C /* VideoPlayer.app */;
			productType = "com.apple.product-type.application";
		};
		96CBD97A290249AB00DB7F3C /* VideoPlayerTests */ = {
			isa = PBXNativeTarget;
			buildConfigurationList = 96CBD992290249AB00DB7F3C /* Build configuration list for PBXNativeTarget "VideoPlayerTests" */;
			buildPhases = (
				96CBD977290249AB00DB7F3C /* Sources */,
				96CBD978290249AB00DB7F3C /* Frameworks */,
				96CBD979290249AB00DB7F3C /* Resources */,
			);
			buildRules = (
			);
			dependencies = (
				96CBD97D290249AB00DB7F3C /* PBXTargetDependency */,
			);
			name = VideoPlayerTests;
			productName = VideoPlayerTests;
			productReference = 96CBD97B290249AB00DB7F3C /* VideoPlayerTests.xctest */;
			productType = "com.apple.product-type.bundle.unit-test";
		};
		96CBD984290249AB00DB7F3C /* VideoPlayerUITests */ = {
			isa = PBXNativeTarget;
			buildConfigurationList = 96CBD995290249AB00DB7F3C /* Build configuration list for PBXNativeTarget "VideoPlayerUITests" */;
			buildPhases = (
				96CBD981290249AB00DB7F3C /* Sources */,
				96CBD982290249AB00DB7F3C /* Frameworks */,
				96CBD983290249AB00DB7F3C /* Resources */,
			);
			buildRules = (
			);
			dependencies = (
				96CBD987290249AB00DB7F3C /* PBXTargetDependency */,
			);
			name = VideoPlayerUITests;
			productName = VideoPlayerUITests;
			productReference = 96CBD985290249AB00DB7F3C /* VideoPlayerUITests.xctest */;
			productType = "com.apple.product-type.bundle.ui-testing";
		};
/* End PBXNativeTarget section */

/* Begin PBXProject section */
		96CBD95D290249A600DB7F3C /* Project object */ = {
			isa = PBXProject;
			attributes = {
				BuildIndependentTargetsInParallel = 1;
				LastSwiftUpdateCheck = 1400;
				LastUpgradeCheck = 1400;
				TargetAttributes = {
					96CBD964290249A600DB7F3C = {
						CreatedOnToolsVersion = 14.0;
					};
					96CBD97A290249AB00DB7F3C = {
						CreatedOnToolsVersion = 14.0;
						TestTargetID = 96CBD964290249A600DB7F3C;
					};
					96CBD984290249AB00DB7F3C = {
						CreatedOnToolsVersion = 14.0;
						TestTargetID = 96CBD964290249A600DB7F3C;
					};
				};
			};
			buildConfigurationList = 96CBD960290249A600DB7F3C /* Build configuration list for PBXProject "VideoPlayer" */;
			compatibilityVersion = "Xcode 14.0";
			developmentRegion = en;
			hasScannedForEncodings = 0;
			knownRegions = (
				en,
				Base,
			);
			mainGroup = 96CBD95C290249A600DB7F3C;
			productRefGroup = 96CBD966290249A600DB7F3C /* Products */;
			projectDirPath = "";
			projectRoot = "";
			targets = (
				96CBD964290249A600DB7F3C /* VideoPlayer */,
				96CBD97A290249AB00DB7F3C /* VideoPlayerTests */,
				96CBD984290249AB00DB7F3C /* VideoPlayerUITests */,
			);
		};
/* End PBXProject section */

/* Begin PBXResourcesBuildPhase section */
		96CBD963290249A600DB7F3C /* Resources */ = {
			isa = PBXResourcesBuildPhase;
			buildActionMask = 2147483647;
			files = (
				96CBD975290249AB00DB7F3C /* LaunchScreen.storyboard in Resources */,
				96CBD972290249AB00DB7F3C /* Assets.xcassets in Resources */,
				96CBD970290249A600DB7F3C /* Main.storyboard in Resources */,
			);
			runOnlyForDeploymentPostprocessing = 0;
		};
		96CBD979290249AB00DB7F3C /* Resources */ = {
			isa = PBXResourcesBuildPhase;
			buildActionMask = 2147483647;
			files = (
			);
			runOnlyForDeploymentPostprocessing = 0;
		};
		96CBD983290249AB00DB7F3C /* Resources */ = {
			isa = PBXResourcesBuildPhase;
			buildActionMask = 2147483647;
			files = (
			);
			runOnlyForDeploymentPostprocessing = 0;
		};
/* End PBXResourcesBuildPhase section */

/* Begin PBXSourcesBuildPhase section */
		96CBD961290249A600DB7F3C /* Sources */ = {
			isa = PBXSourcesBuildPhase;
			buildActionMask = 2147483647;
			files = (
				96CBD99B2902519000DB7F3C /* VideoPlayerView.swift in Sources */,
				96CBD96D290249A600DB7F3C /* ViewController.swift in Sources */,
				96CBD969290249A600DB7F3C /* AppDelegate.swift in Sources */,
				96CBD96B290249A600DB7F3C /* SceneDelegate.swift in Sources */,
			);
			runOnlyForDeploymentPostprocessing = 0;
		};
		96CBD977290249AB00DB7F3C /* Sources */ = {
			isa = PBXSourcesBuildPhase;
			buildActionMask = 2147483647;
			files = (
				96CBD980290249AB00DB7F3C /* VideoPlayerTests.swift in Sources */,
			);
			runOnlyForDeploymentPostprocessing = 0;
		};
		96CBD981290249AB00DB7F3C /* Sources */ = {
			isa = PBXSourcesBuildPhase;
			buildActionMask = 2147483647;
			files = (
				96CBD98A290249AB00DB7F3C /* VideoPlayerUITests.swift in Sources */,
				96CBD98C290249AB00DB7F3C /* VideoPlayerUITestsLaunchTests.swift in Sources */,
			);
			runOnlyForDeploymentPostprocessing = 0;
		};
/* End PBXSourcesBuildPhase section */

/* Begin PBXTargetDependency section */
		96CBD97D290249AB00DB7F3C /* PBXTargetDependency */ = {
			isa = PBXTargetDependency;
			target = 96CBD964290249A600DB7F3C /* VideoPlayer */;
			targetProxy = 96CBD97C290249AB00DB7F3C /* PBXContainerItemProxy */;
		};
		96CBD987290249AB00DB7F3C /* PBXTargetDependency */ = {
			isa = PBXTargetDependency;
			target = 96CBD964290249A600DB7F3C /* VideoPlayer */;
			targetProxy = 96CBD986290249AB00DB7F3C /* PBXContainerItemProxy */;
		};
/* End PBXTargetDependency section */

/* Begin PBXVariantGroup section */
		96CBD96E290249A600DB7F3C /* Main.storyboard */ = {
			isa = PBXVariantGroup;
			children = (
				96CBD96F290249A600DB7F3C /* Base */,
			);
			name = Main.storyboard;
			sourceTree = "<group>";
		};
		96CBD973290249AB00DB7F3C /* LaunchScreen.storyboard */ = {
			isa = PBXVariantGroup;
			children = (
				96CBD974290249AB00DB7F3C /* Base */,
			);
			name = LaunchScreen.storyboard;
			sourceTree = "<group>";
		};
/* End PBXVariantGroup section */

/* Begin XCBuildConfiguration section */
		96CBD98D290249AB00DB7F3C /* Debug */ = {
			isa = XCBuildConfiguration;
			buildSettings = {
				ALWAYS_SEARCH_USER_PATHS = NO;
				CLANG_ANALYZER_NONNULL = YES;
				CLANG_ANALYZER_NUMBER_OBJECT_CONVERSION = YES_AGGRESSIVE;
				CLANG_CXX_LANGUAGE_STANDARD = "gnu++20";
				CLANG_ENABLE_MODULES = YES;
				CLANG_ENABLE_OBJC_ARC = YES;
				CLANG_ENABLE_OBJC_WEAK = YES;
				CLANG_WARN_BLOCK_CAPTURE_AUTORELEASING = YES;
				CLANG_WARN_BOOL_CONVERSION = YES;
				CLANG_WARN_COMMA = YES;
				CLANG_WARN_CONSTANT_CONVERSION = YES;
				CLANG_WARN_DEPRECATED_OBJC_IMPLEMENTATIONS = YES;
				CLANG_WARN_DIRECT_OBJC_ISA_USAGE = YES_ERROR;
				CLANG_WARN_DOCUMENTATION_COMMENTS = YES;
				CLANG_WARN_EMPTY_BODY = YES;
				CLANG_WARN_ENUM_CONVERSION = YES;
				CLANG_WARN_INFINITE_RECURSION = YES;
				CLANG_WARN_INT_CONVERSION = YES;
				CLANG_WARN_NON_LITERAL_NULL_CONVERSION = YES;
				CLANG_WARN_OBJC_IMPLICIT_RETAIN_SELF = YES;
				CLANG_WARN_OBJC_LITERAL_CONVERSION = YES;
				CLANG_WARN_OBJC_ROOT_CLASS = YES_ERROR;
				CLANG_WARN_QUOTED_INCLUDE_IN_FRAMEWORK_HEADER = YES;
				CLANG_WARN_RANGE_LOOP_ANALYSIS = YES;
				CLANG_WARN_STRICT_PROTOTYPES = YES;
				CLANG_WARN_SUSPICIOUS_MOVE = YES;
				CLANG_WARN_UNGUARDED_AVAILABILITY = YES_AGGRESSIVE;
				CLANG_WARN_UNREACHABLE_CODE = YES;
				CLANG_WARN__DUPLICATE_METHOD_MATCH = YES;
				COPY_PHASE_STRIP = NO;
				DEBUG_INFORMATION_FORMAT = dwarf;
				ENABLE_STRICT_OBJC_MSGSEND = YES;
				ENABLE_TESTABILITY = YES;
				GCC_C_LANGUAGE_STANDARD = gnu11;
				GCC_DYNAMIC_NO_PIC = NO;
				GCC_NO_COMMON_BLOCKS = YES;
				GCC_OPTIMIZATION_LEVEL = 0;
				GCC_PREPROCESSOR_DEFINITIONS = (
					"DEBUG=1",
					"$(inherited)",
				);
				GCC_WARN_64_TO_32_BIT_CONVERSION = YES;
				GCC_WARN_ABOUT_RETURN_TYPE = YES_ERROR;
				GCC_WARN_UNDECLARED_SELECTOR = YES;
				GCC_WARN_UNINITIALIZED_AUTOS = YES_AGGRESSIVE;
				GCC_WARN_UNUSED_FUNCTION = YES;
				GCC_WARN_UNUSED_VARIABLE = YES;
				IPHONEOS_DEPLOYMENT_TARGET = 16.0;
				MTL_ENABLE_DEBUG_INFO = INCLUDE_SOURCE;
				MTL_FAST_MATH = YES;
				ONLY_ACTIVE_ARCH = YES;
				SDKROOT = iphoneos;
				SWIFT_ACTIVE_COMPILATION_CONDITIONS = DEBUG;
				SWIFT_OPTIMIZATION_LEVEL = "-Onone";
			};
			name = Debug;
		};
		96CBD98E290249AB00DB7F3C /* Release */ = {
			isa = XCBuildConfiguration;
			buildSettings = {
				ALWAYS_SEARCH_USER_PATHS = NO;
				CLANG_ANALYZER_NONNULL = YES;
				CLANG_ANALYZER_NUMBER_OBJECT_CONVERSION = YES_AGGRESSIVE;
				CLANG_CXX_LANGUAGE_STANDARD = "gnu++20";
				CLANG_ENABLE_MODULES = YES;
				CLANG_ENABLE_OBJC_ARC = YES;
				CLANG_ENABLE_OBJC_WEAK = YES;
				CLANG_WARN_BLOCK_CAPTURE_AUTORELEASING = YES;
				CLANG_WARN_BOOL_CONVERSION = YES;
				CLANG_WARN_COMMA = YES;
				CLANG_WARN_CONSTANT_CONVERSION = YES;
				CLANG_WARN_DEPRECATED_OBJC_IMPLEMENTATIONS = YES;
				CLANG_WARN_DIRECT_OBJC_ISA_USAGE = YES_ERROR;
				CLANG_WARN_DOCUMENTATION_COMMENTS = YES;
				CLANG_WARN_EMPTY_BODY = YES;
				CLANG_WARN_ENUM_CONVERSION = YES;
				CLANG_WARN_INFINITE_RECURSION = YES;
				CLANG_WARN_INT_CONVERSION = YES;
				CLANG_WARN_NON_LITERAL_NULL_CONVERSION = YES;
				CLANG_WARN_OBJC_IMPLICIT_RETAIN_SELF = YES;
				CLANG_WARN_OBJC_LITERAL_CONVERSION = YES;
				CLANG_WARN_OBJC_ROOT_CLASS = YES_ERROR;
				CLANG_WARN_QUOTED_INCLUDE_IN_FRAMEWORK_HEADER = YES;
				CLANG_WARN_RANGE_LOOP_ANALYSIS = YES;
				CLANG_WARN_STRICT_PROTOTYPES = YES;
				CLANG_WARN_SUSPICIOUS_MOVE = YES;
				CLANG_WARN_UNGUARDED_AVAILABILITY = YES_AGGRESSIVE;
				CLANG_WARN_UNREACHABLE_CODE = YES;
				CLANG_WARN__DUPLICATE_METHOD_MATCH = YES;
				COPY_PHASE_STRIP = NO;
				DEBUG_INFORMATION_FORMAT = "dwarf-with-dsym";
				ENABLE_NS_ASSERTIONS = NO;
				ENABLE_STRICT_OBJC_MSGSEND = YES;
				GCC_C_LANGUAGE_STANDARD = gnu11;
				GCC_NO_COMMON_BLOCKS = YES;
				GCC_WARN_64_TO_32_BIT_CONVERSION = YES;
				GCC_WARN_ABOUT_RETURN_TYPE = YES_ERROR;
				GCC_WARN_UNDECLARED_SELECTOR = YES;
				GCC_WARN_UNINITIALIZED_AUTOS = YES_AGGRESSIVE;
				GCC_WARN_UNUSED_FUNCTION = YES;
				GCC_WARN_UNUSED_VARIABLE = YES;
				IPHONEOS_DEPLOYMENT_TARGET = 16.0;
				MTL_ENABLE_DEBUG_INFO = NO;
				MTL_FAST_MATH = YES;
				SDKROOT = iphoneos;
				SWIFT_COMPILATION_MODE = wholemodule;
				SWIFT_OPTIMIZATION_LEVEL = "-O";
				VALIDATE_PRODUCT = YES;
			};
			name = Release;
		};
		96CBD990290249AB00DB7F3C /* Debug */ = {
			isa = XCBuildConfiguration;
			buildSettings = {
				ASSETCATALOG_COMPILER_APPICON_NAME = AppIcon;
				ASSETCATALOG_COMPILER_GLOBAL_ACCENT_COLOR_NAME = AccentColor;
				CODE_SIGN_STYLE = Automatic;
				CURRENT_PROJECT_VERSION = 1;
				DEVELOPMENT_TEAM = PR56ZF6325;
				GENERATE_INFOPLIST_FILE = YES;
				INFOPLIST_FILE = VideoPlayer/Info.plist;
				INFOPLIST_KEY_UIApplicationSupportsIndirectInputEvents = YES;
				INFOPLIST_KEY_UILaunchStoryboardName = LaunchScreen;
				INFOPLIST_KEY_UIMainStoryboardFile = Main;
				INFOPLIST_KEY_UISupportedInterfaceOrientations_iPad = "UIInterfaceOrientationPortrait UIInterfaceOrientationPortraitUpsideDown UIInterfaceOrientationLandscapeLeft UIInterfaceOrientationLandscapeRight";
				INFOPLIST_KEY_UISupportedInterfaceOrientations_iPhone = "UIInterfaceOrientationPortrait UIInterfaceOrientationLandscapeLeft UIInterfaceOrientationLandscapeRight";
				LD_RUNPATH_SEARCH_PATHS = (
					"$(inherited)",
					"@executable_path/Frameworks",
				);
				MARKETING_VERSION = 1.0;
				PRODUCT_BUNDLE_IDENTIFIER = com.poc.videoPlayer.VideoPlayer;
				PRODUCT_NAME = "$(TARGET_NAME)";
				SWIFT_EMIT_LOC_STRINGS = YES;
				SWIFT_VERSION = 5.0;
				TARGETED_DEVICE_FAMILY = "1,2";
			};
			name = Debug;
		};
		96CBD991290249AB00DB7F3C /* Release */ = {
			isa = XCBuildConfiguration;
			buildSettings = {
				ASSETCATALOG_COMPILER_APPICON_NAME = AppIcon;
				ASSETCATALOG_COMPILER_GLOBAL_ACCENT_COLOR_NAME = AccentColor;
				CODE_SIGN_STYLE = Automatic;
				CURRENT_PROJECT_VERSION = 1;
				DEVELOPMENT_TEAM = PR56ZF6325;
				GENERATE_INFOPLIST_FILE = YES;
				INFOPLIST_FILE = VideoPlayer/Info.plist;
				INFOPLIST_KEY_UIApplicationSupportsIndirectInputEvents = YES;
				INFOPLIST_KEY_UILaunchStoryboardName = LaunchScreen;
				INFOPLIST_KEY_UIMainStoryboardFile = Main;
				INFOPLIST_KEY_UISupportedInterfaceOrientations_iPad = "UIInterfaceOrientationPortrait UIInterfaceOrientationPortraitUpsideDown UIInterfaceOrientationLandscapeLeft UIInterfaceOrientationLandscapeRight";
				INFOPLIST_KEY_UISupportedInterfaceOrientations_iPhone = "UIInterfaceOrientationPortrait UIInterfaceOrientationLandscapeLeft UIInterfaceOrientationLandscapeRight";
				LD_RUNPATH_SEARCH_PATHS = (
					"$(inherited)",
					"@executable_path/Frameworks",
				);
				MARKETING_VERSION = 1.0;
				PRODUCT_BUNDLE_IDENTIFIER = com.poc.videoPlayer.VideoPlayer;
				PRODUCT_NAME = "$(TARGET_NAME)";
				SWIFT_EMIT_LOC_STRINGS = YES;
				SWIFT_VERSION = 5.0;
				TARGETED_DEVICE_FAMILY = "1,2";
			};
			name = Release;
		};
		96CBD993290249AB00DB7F3C /* Debug */ = {
			isa = XCBuildConfiguration;
			buildSettings = {
				ALWAYS_EMBED_SWIFT_STANDARD_LIBRARIES = YES;
				BUNDLE_LOADER = "$(TEST_HOST)";
				CODE_SIGN_STYLE = Automatic;
				CURRENT_PROJECT_VERSION = 1;
				DEVELOPMENT_TEAM = PR56ZF6325;
				GENERATE_INFOPLIST_FILE = YES;
				IPHONEOS_DEPLOYMENT_TARGET = 16.0;
				MARKETING_VERSION = 1.0;
				PRODUCT_BUNDLE_IDENTIFIER = com.poc.videoPlayer.VideoPlayerTests;
				PRODUCT_NAME = "$(TARGET_NAME)";
				SWIFT_EMIT_LOC_STRINGS = NO;
				SWIFT_VERSION = 5.0;
				TARGETED_DEVICE_FAMILY = "1,2";
				TEST_HOST = "$(BUILT_PRODUCTS_DIR)/VideoPlayer.app/$(BUNDLE_EXECUTABLE_FOLDER_PATH)/VideoPlayer";
			};
			name = Debug;
		};
		96CBD994290249AB00DB7F3C /* Release */ = {
			isa = XCBuildConfiguration;
			buildSettings = {
				ALWAYS_EMBED_SWIFT_STANDARD_LIBRARIES = YES;
				BUNDLE_LOADER = "$(TEST_HOST)";
				CODE_SIGN_STYLE = Automatic;
				CURRENT_PROJECT_VERSION = 1;
				DEVELOPMENT_TEAM = PR56ZF6325;
				GENERATE_INFOPLIST_FILE = YES;
				IPHONEOS_DEPLOYMENT_TARGET = 16.0;
				MARKETING_VERSION = 1.0;
				PRODUCT_BUNDLE_IDENTIFIER = com.poc.videoPlayer.VideoPlayerTests;
				PRODUCT_NAME = "$(TARGET_NAME)";
				SWIFT_EMIT_LOC_STRINGS = NO;
				SWIFT_VERSION = 5.0;
				TARGETED_DEVICE_FAMILY = "1,2";
				TEST_HOST = "$(BUILT_PRODUCTS_DIR)/VideoPlayer.app/$(BUNDLE_EXECUTABLE_FOLDER_PATH)/VideoPlayer";
			};
			name = Release;
		};
		96CBD996290249AB00DB7F3C /* Debug */ = {
			isa = XCBuildConfiguration;
			buildSettings = {
				ALWAYS_EMBED_SWIFT_STANDARD_LIBRARIES = YES;
				CODE_SIGN_STYLE = Automatic;
				CURRENT_PROJECT_VERSION = 1;
				DEVELOPMENT_TEAM = PR56ZF6325;
				GENERATE_INFOPLIST_FILE = YES;
				MARKETING_VERSION = 1.0;
				PRODUCT_BUNDLE_IDENTIFIER = com.poc.videoPlayer.VideoPlayerUITests;
				PRODUCT_NAME = "$(TARGET_NAME)";
				SWIFT_EMIT_LOC_STRINGS = NO;
				SWIFT_VERSION = 5.0;
				TARGETED_DEVICE_FAMILY = "1,2";
				TEST_TARGET_NAME = VideoPlayer;
			};
			name = Debug;
		};
		96CBD997290249AB00DB7F3C /* Release */ = {
			isa = XCBuildConfiguration;
			buildSettings = {
				ALWAYS_EMBED_SWIFT_STANDARD_LIBRARIES = YES;
				CODE_SIGN_STYLE = Automatic;
				CURRENT_PROJECT_VERSION = 1;
				DEVELOPMENT_TEAM = PR56ZF6325;
				GENERATE_INFOPLIST_FILE = YES;
				MARKETING_VERSION = 1.0;
				PRODUCT_BUNDLE_IDENTIFIER = com.poc.videoPlayer.VideoPlayerUITests;
				PRODUCT_NAME = "$(TARGET_NAME)";
				SWIFT_EMIT_LOC_STRINGS = NO;
				SWIFT_VERSION = 5.0;
				TARGETED_DEVICE_FAMILY = "1,2";
				TEST_TARGET_NAME = VideoPlayer;
			};
			name = Release;
		};
/* End XCBuildConfiguration section */

/* Begin XCConfigurationList section */
		96CBD960290249A600DB7F3C /* Build configuration list for PBXProject "VideoPlayer" */ = {
			isa = XCConfigurationList;
			buildConfigurations = (
				96CBD98D290249AB00DB7F3C /* Debug */,
				96CBD98E290249AB00DB7F3C /* Release */,
			);
			defaultConfigurationIsVisible = 0;
			defaultConfigurationName = Release;
		};
		96CBD98F290249AB00DB7F3C /* Build configuration list for PBXNativeTarget "VideoPlayer" */ = {
			isa = XCConfigurationList;
			buildConfigurations = (
				96CBD990290249AB00DB7F3C /* Debug */,
				96CBD991290249AB00DB7F3C /* Release */,
			);
			defaultConfigurationIsVisible = 0;
			defaultConfigurationName = Release;
		};
		96CBD992290249AB00DB7F3C /* Build configuration list for PBXNativeTarget "VideoPlayerTests" */ = {
			isa = XCConfigurationList;
			buildConfigurations = (
				96CBD993290249AB00DB7F3C /* Debug */,
				96CBD994290249AB00DB7F3C /* Release */,
			);
			defaultConfigurationIsVisible = 0;
			defaultConfigurationName = Release;
		};
		96CBD995290249AB00DB7F3C /* Build configuration list for PBXNativeTarget "VideoPlayerUITests" */ = {
			isa = XCConfigurationList;
			buildConfigurations = (
				96CBD996290249AB00DB7F3C /* Debug */,
				96CBD997290249AB00DB7F3C /* Release */,
			);
			defaultConfigurationIsVisible = 0;
			defaultConfigurationName = Release;
		};
/* End XCConfigurationList section */
	};
	rootObject = 96CBD95D290249A600DB7F3C /* Project object */;
}
